
Microsoft Visual Studio Solution File, Format Version 12.00
# Visual Studio 15
VisualStudioVersion = 15.0.27703.2026
MinimumVisualStudioVersion = 10.0.40219.1
Project("{9A19103F-16F7-4668-BE54-9A1E7A4F7556}") = "SchemaCompare.App", "SchemaCompare.App\SchemaCompare.App.csproj", "{3D1C983B-72A8-40D2-B2D7-2F8982CBFFB9}"
EndProject
Project("{9A19103F-16F7-4668-BE54-9A1E7A4F7556}") = "SchemaCompare.SchemaEngine", "SchemaCompare.SchemaEngine\SchemaCompare.SchemaEngine.csproj", "{EB0321E5-14B4-4803-ADDE-E51A4C875AD8}"
EndProject
Global
	GlobalSection(SolutionConfigurationPlatforms) = preSolution
		Debug|Any CPU = Debug|Any CPU
		Release|Any CPU = Release|Any CPU
	EndGlobalSection
	GlobalSection(ProjectConfigurationPlatforms) = postSolution
		{3D1C983B-72A8-40D2-B2D7-2F8982CBFFB9}.Debug|Any CPU.ActiveCfg = Debug|Any CPU
		{3D1C983B-72A8-40D2-B2D7-2F8982CBFFB9}.Debug|Any CPU.Build.0 = Debug|Any CPU
		{3D1C983B-72A8-40D2-B2D7-2F8982CBFFB9}.Release|Any CPU.ActiveCfg = Release|Any CPU
		{3D1C983B-72A8-40D2-B2D7-2F8982CBFFB9}.Release|Any CPU.Build.0 = Release|Any CPU
		{EB0321E5-14B4-4803-ADDE-E51A4C875AD8}.Debug|Any CPU.ActiveCfg = Debug|Any CPU
		{EB0321E5-14B4-4803-ADDE-E51A4C875AD8}.Debug|Any CPU.Build.0 = Debug|Any CPU
		{EB0321E5-14B4-4803-ADDE-E51A4C875AD8}.Release|Any CPU.ActiveCfg = Release|Any CPU
		{EB0321E5-14B4-4803-ADDE-E51A4C875AD8}.Release|Any CPU.Build.0 = Release|Any CPU
	EndGlobalSection
	GlobalSection(SolutionProperties) = preSolution
		HideSolutionNode = FALSE
	EndGlobalSection
	GlobalSection(ExtensibilityGlobals) = postSolution
		SolutionGuid = {C53E3DC1-A8D7-4E3B-BCCC-0D9A9DBE31D8}
	EndGlobalSection
EndGlobal
